Microsoft Visual Studio Solution File, Format Version 12.00
# Visual Studio Version 17
VisualStudioVersion = 17.5.2.0
MinimumVisualStudioVersion = 10.0.40219.1
Project("{FAE04EC0-301F-11D3-BF4B-00C04F79EFBC}") = "blazor-arsip", "blazor-arsip.csproj", "{FEF7F8DE-8E05-63AF-0481-B6517795BF2A}"
EndProject
Global
	GlobalSection(SolutionConfigurationPlatforms) = preSolution
		Debug|Any CPU = Debug|Any CPU
		Release|Any CPU = Release|Any CPU
	EndGlobalSection
	GlobalSection(ProjectConfigurationPlatforms) = postSolution
		{FEF7F8DE-8E05-63AF-0481-B6517795BF2A}.Debug|Any CPU.ActiveCfg = Debug|Any CPU
		{FEF7F8DE-8E05-63AF-0481-B6517795BF2A}.Debug|Any CPU.Build.0 = Debug|Any CPU
		{FEF7F8DE-8E05-63AF-0481-B6517795BF2A}.Release|Any CPU.ActiveCfg = Release|Any CPU
		{FEF7F8DE-8E05-63AF-0481-B6517795BF2A}.Release|Any CPU.Build.0 = Release|Any CPU
	EndGlobalSection
	GlobalSection(SolutionProperties) = preSolution
		HideSolutionNode = FALSE
	EndGlobalSection
	GlobalSection(ExtensibilityGlobals) = postSolution
		SolutionGuid = {E0D36D95-C3B6-4E48-BED6-21B50820CDE7}
	EndGlobalSection
EndGlobal
